
Microsoft Visual Studio Solution File, Format Version 12.00
# Visual Studio Version 17
VisualStudioVersion = 17.0.31903.59
MinimumVisualStudioVersion = 10.0.40219.1
Project("{FAE04EC0-301F-11D3-BF4B-00C04F79EFBC}") = "DotNetOrderingClient", "DotNetOrderingClient\DotNetOrderingClient.csproj", "{A02ED3FF-EF8E-4869-BAFB-C1DE48247C8D}"
EndProject
Project("{FAE04EC0-301F-11D3-BF4B-00C04F79EFBC}") = "RestbucksCore", "RestbucksCore\RestbucksCore.csproj", "{F8376641-3BEB-46C8-B134-8682DEE13AA0}"
EndProject
Global
	GlobalSection(SolutionConfigurationPlatforms) = preSolution
		Debug|Any CPU = Debug|Any CPU
		Release|Any CPU = Release|Any CPU
	EndGlobalSection
	GlobalSection(ProjectConfigurationPlatforms) = postSolution
		{A02ED3FF-EF8E-4869-BAFB-C1DE48247C8D}.Debug|Any CPU.ActiveCfg = Debug|Any CPU
		{A02ED3FF-EF8E-4869-BAFB-C1DE48247C8D}.Debug|Any CPU.Build.0 = Debug|Any CPU
		{A02ED3FF-EF8E-4869-BAFB-C1DE48247C8D}.Release|Any CPU.ActiveCfg = Release|Any CPU
		{A02ED3FF-EF8E-4869-BAFB-C1DE48247C8D}.Release|Any CPU.Build.0 = Release|Any CPU
		{F8376641-3BEB-46C8-B134-8682DEE13AA0}.Debug|Any CPU.ActiveCfg = Debug|Any CPU
		{F8376641-3BEB-46C8-B134-8682DEE13AA0}.Debug|Any CPU.Build.0 = Debug|Any CPU
		{F8376641-3BEB-46C8-B134-8682DEE13AA0}.Release|Any CPU.ActiveCfg = Release|Any CPU
		{F8376641-3BEB-46C8-B134-8682DEE13AA0}.Release|Any CPU.Build.0 = Release|Any CPU
	EndGlobalSection
	GlobalSection(SolutionProperties) = preSolution
		HideSolutionNode = FALSE
	EndGlobalSection
	GlobalSection(ExtensibilityGlobals) = postSolution
		SolutionGuid = {6603827E-7CA6-4C19-A0AE-5FA4E2640A7F}
	EndGlobalSection
EndGlobal
