
Microsoft Visual Studio Solution File, Format Version 12.00
# Visual Studio Version 17
VisualStudioVersion = 17.0.31903.59
MinimumVisualStudioVersion = 10.0.40219.1
Project("{9A19103F-16F7-4668-BE54-9A1E7A4F7556}") = "Restbucks.Web", "Restbucks.Web\Restbucks.Web.csproj", "{F8376641-3BEB-46C8-B134-8682DEE13AA0}"
	ProjectSection(ProjectDependencies) = postProject
		{F136E79C-8796-43A2-B058-C51A144382C4} = {F136E79C-8796-43A2-B058-C51A144382C4}
		{5E6AD2CA-6C50-4ECA-BABC-14186B0227DA} = {5E6AD2CA-6C50-4ECA-BABC-14186B0227DA}
	EndProjectSection
EndProject
Project("{9A19103F-16F7-4668-BE54-9A1E7A4F7556}") = "Restbucks.Core", "Restbucks.Core\Restbucks.Core.csproj", "{5E6AD2CA-6C50-4ECA-BABC-14186B0227DA}"
EndProject
Project("{9A19103F-16F7-4668-BE54-9A1E7A4F7556}") = "Restbucks.Infrastructure", "Restbucks.Infrastructure\Restbucks.Infrastructure.csproj", "{F136E79C-8796-43A2-B058-C51A144382C4}"
	ProjectSection(ProjectDependencies) = postProject
		{5E6AD2CA-6C50-4ECA-BABC-14186B0227DA} = {5E6AD2CA-6C50-4ECA-BABC-14186B0227DA}
	EndProjectSection
EndProject
Global
	GlobalSection(SolutionConfigurationPlatforms) = preSolution
		Debug|Any CPU = Debug|Any CPU
		Release|Any CPU = Release|Any CPU
	EndGlobalSection
	GlobalSection(ProjectConfigurationPlatforms) = postSolution
		{F8376641-3BEB-46C8-B134-8682DEE13AA0}.Debug|Any CPU.ActiveCfg = Debug|Any CPU
		{F8376641-3BEB-46C8-B134-8682DEE13AA0}.Debug|Any CPU.Build.0 = Debug|Any CPU
		{F8376641-3BEB-46C8-B134-8682DEE13AA0}.Release|Any CPU.ActiveCfg = Release|Any CPU
		{F8376641-3BEB-46C8-B134-8682DEE13AA0}.Release|Any CPU.Build.0 = Release|Any CPU
		{5E6AD2CA-6C50-4ECA-BABC-14186B0227DA}.Debug|Any CPU.ActiveCfg = Debug|Any CPU
		{5E6AD2CA-6C50-4ECA-BABC-14186B0227DA}.Debug|Any CPU.Build.0 = Debug|Any CPU
		{5E6AD2CA-6C50-4ECA-BABC-14186B0227DA}.Release|Any CPU.ActiveCfg = Release|Any CPU
		{5E6AD2CA-6C50-4ECA-BABC-14186B0227DA}.Release|Any CPU.Build.0 = Release|Any CPU
		{F136E79C-8796-43A2-B058-C51A144382C4}.Debug|Any CPU.ActiveCfg = Debug|Any CPU
		{F136E79C-8796-43A2-B058-C51A144382C4}.Debug|Any CPU.Build.0 = Debug|Any CPU
		{F136E79C-8796-43A2-B058-C51A144382C4}.Release|Any CPU.ActiveCfg = Release|Any CPU
		{F136E79C-8796-43A2-B058-C51A144382C4}.Release|Any CPU.Build.0 = Release|Any CPU
	EndGlobalSection
	GlobalSection(SolutionProperties) = preSolution
		HideSolutionNode = FALSE
	EndGlobalSection
	GlobalSection(ExtensibilityGlobals) = postSolution
		SolutionGuid = {6603827E-7CA6-4C19-A0AE-5FA4E2640A7F}
	EndGlobalSection
EndGlobal
